// !$*UTF8*$!
{
	archiveVersion = 1;
	classes = {
	};
	objectVersion = 52;
	objects = {

/* Begin PBXBuildFile section */
		8E10F5D7261C8AB500F63D3D /* AppDelegate.swift in Sources */ = {isa = PBXBuildFile; fileRef = 8E10F5D6261C8AB500F63D3D /* AppDelegate.swift */; };
		8E10F5D9261C8AB500F63D3D /* SceneDelegate.swift in Sources */ = {isa = PBXBuildFile; fileRef = 8E10F5D8261C8AB500F63D3D /* SceneDelegate.swift */; };
		8E10F5E1261C8AB500F63D3D /* Metta.xcdatamodeld in Sources */ = {isa = PBXBuildFile; fileRef = 8E10F5DF261C8AB500F63D3D /* Metta.xcdatamodeld */; };
		8E10F5E3261C8AB500F63D3D /* Assets.xcassets in Resources */ = {isa = PBXBuildFile; fileRef = 8E10F5E2261C8AB500F63D3D /* Assets.xcassets */; };
		8E10F5E6261C8AB500F63D3D /* LaunchScreen.storyboard in Resources */ = {isa = PBXBuildFile; fileRef = 8E10F5E4261C8AB500F63D3D /* LaunchScreen.storyboard */; };
		8EB3A4FA26207A1700D0A6FD /* SwiftyGif in Frameworks */ = {isa = PBXBuildFile; productRef = 8EB3A4F926207A1700D0A6FD /* SwiftyGif */; };
		8EC30D24261EC16B000AE83E /* Meditation.swift in Sources */ = {isa = PBXBuildFile; fileRef = 8EC30D23261EC16B000AE83E /* Meditation.swift */; };
		8EC30D27261EC1A2000AE83E /* MeditationData.swift in Sources */ = {isa = PBXBuildFile; fileRef = 8EC30D26261EC1A2000AE83E /* MeditationData.swift */; };
		B584D4A326206BAA0098BE82 /* meditate-animation-1.gif in Resources */ = {isa = PBXBuildFile; fileRef = B584D4A126206BAA0098BE82 /* meditate-animation-1.gif */; };
		B584D4A426206BAA0098BE82 /* meditate-animation-0.gif in Resources */ = {isa = PBXBuildFile; fileRef = B584D4A226206BAA0098BE82 /* meditate-animation-0.gif */; };
		B584D4A926206BC60098BE82 /* medi-pic-0.gif in Resources */ = {isa = PBXBuildFile; fileRef = B584D4A626206BC50098BE82 /* medi-pic-0.gif */; };
		B584D4AA26206BC60098BE82 /* medi-pic-1.gif in Resources */ = {isa = PBXBuildFile; fileRef = B584D4A726206BC50098BE82 /* medi-pic-1.gif */; };
		B584D4AB26206BC60098BE82 /* medi-intro.png in Resources */ = {isa = PBXBuildFile; fileRef = B584D4A826206BC60098BE82 /* medi-intro.png */; };
		B584D4B126206C740098BE82 /* Forest 1m.mp3 in Resources */ = {isa = PBXBuildFile; fileRef = B584D4B026206C740098BE82 /* Forest 1m.mp3 */; };
		B584D4B526206CB90098BE82 /* meditate-sound-0.m4a in Resources */ = {isa = PBXBuildFile; fileRef = B584D4B326206CA30098BE82 /* meditate-sound-0.m4a */; };
		B584D4B726206CBC0098BE82 /* meditate-sound-1.m4a in Resources */ = {isa = PBXBuildFile; fileRef = B584D4B426206CA40098BE82 /* meditate-sound-1.m4a */; };
		B5C3DBE62621781000FA1865 /* MeditationCell.swift in Sources */ = {isa = PBXBuildFile; fileRef = B5C3DBE52621781000FA1865 /* MeditationCell.swift */; };
		B5C3DBEA2621782A00FA1865 /* Main.storyboard in Resources */ = {isa = PBXBuildFile; fileRef = B5C3DBE92621782A00FA1865 /* Main.storyboard */; };
		B5C3DC0A26220EDF00FA1865 /* ViewController.swift in Sources */ = {isa = PBXBuildFile; fileRef = B5C3DC0926220EDF00FA1865 /* ViewController.swift */; };
		B5D34F89262558FB00E04E01 /* onboardingViewController.swift in Sources */ = {isa = PBXBuildFile; fileRef = B5D34F88262558FB00E04E01 /* onboardingViewController.swift */; };
/* End PBXBuildFile section */

/* Begin PBXFileReference section */
		8E10F5D3261C8AB500F63D3D /* Metta.app */ = {isa = PBXFileReference; explicitFileType = wrapper.application; includeInIndex = 0; path = Metta.app; sourceTree = BUILT_PRODUCTS_DIR; };
		8E10F5D6261C8AB500F63D3D /* AppDelegate.swift */ = {isa = PBXFileReference; lastKnownFileType = sourcecode.swift; path = AppDelegate.swift; sourceTree = "<group>"; };
		8E10F5D8261C8AB500F63D3D /* SceneDelegate.swift */ = {isa = PBXFileReference; lastKnownFileType = sourcecode.swift; path = SceneDelegate.swift; sourceTree = "<group>"; };
		8E10F5E0261C8AB500F63D3D /* Metta.xcdatamodel */ = {isa = PBXFileReference; lastKnownFileType = wrapper.xcdatamodel; path = Metta.xcdatamodel; sourceTree = "<group>"; };
		8E10F5E2261C8AB500F63D3D /* Assets.xcassets */ = {isa = PBXFileReference; lastKnownFileType = folder.assetcatalog; path = Assets.xcassets; sourceTree = "<group>"; };
		8E10F5E5261C8AB500F63D3D /* Base */ = {isa = PBXFileReference; lastKnownFileType = file.storyboard; name = Base; path = Base.lproj/LaunchScreen.storyboard; sourceTree = "<group>"; };
		8E10F5E7261C8AB500F63D3D /* Info.plist */ = {isa = PBXFileReference; lastKnownFileType = text.plist.xml; path = Info.plist; sourceTree = "<group>"; };
		8E3E6E48261C8FFF0079FDB0 /* README.md */ = {isa = PBXFileReference; lastKnownFileType = net.daringfireball.markdown; path = README.md; sourceTree = "<group>"; };
		8EC30D23261EC16B000AE83E /* Meditation.swift */ = {isa = PBXFileReference; lastKnownFileType = sourcecode.swift; path = Meditation.swift; sourceTree = "<group>"; };
		8EC30D26261EC1A2000AE83E /* MeditationData.swift */ = {isa = PBXFileReference; lastKnownFileType = sourcecode.swift; path = MeditationData.swift; sourceTree = "<group>"; };
		B584D4A126206BAA0098BE82 /* meditate-animation-1.gif */ = {isa = PBXFileReference; lastKnownFileType = image.gif; path = "meditate-animation-1.gif"; sourceTree = "<group>"; };
		B584D4A226206BAA0098BE82 /* meditate-animation-0.gif */ = {isa = PBXFileReference; lastKnownFileType = image.gif; path = "meditate-animation-0.gif"; sourceTree = "<group>"; };
		B584D4A626206BC50098BE82 /* medi-pic-0.gif */ = {isa = PBXFileReference; lastKnownFileType = image.gif; path = "medi-pic-0.gif"; sourceTree = "<group>"; };
		B584D4A726206BC50098BE82 /* medi-pic-1.gif */ = {isa = PBXFileReference; lastKnownFileType = image.gif; path = "medi-pic-1.gif"; sourceTree = "<group>"; };
		B584D4A826206BC60098BE82 /* medi-intro.png */ = {isa = PBXFileReference; lastKnownFileType = image.png; path = "medi-intro.png"; sourceTree = "<group>"; };
		B584D4B026206C740098BE82 /* Forest 1m.mp3 */ = {isa = PBXFileReference; lastKnownFileType = audio.mp3; path = "Forest 1m.mp3"; sourceTree = "<group>"; };
		B584D4B326206CA30098BE82 /* meditate-sound-0.m4a */ = {isa = PBXFileReference; lastKnownFileType = file; path = "meditate-sound-0.m4a"; sourceTree = "<group>"; };
		B584D4B426206CA40098BE82 /* meditate-sound-1.m4a */ = {isa = PBXFileReference; lastKnownFileType = file; path = "meditate-sound-1.m4a"; sourceTree = "<group>"; };
		B5C3DBE52621781000FA1865 /* MeditationCell.swift */ = {isa = PBXFileReference; lastKnownFileType = sourcecode.swift; path = MeditationCell.swift; sourceTree = "<group>"; };
		B5C3DBE92621782A00FA1865 /* Main.storyboard */ = {isa = PBXFileReference; fileEncoding = 4; lastKnownFileType = file.storyboard; path = Main.storyboard; sourceTree = "<group>"; };
		B5C3DC0926220EDF00FA1865 /* ViewController.swift */ = {isa = PBXFileReference; fileEncoding = 4; lastKnownFileType = sourcecode.swift; path = ViewController.swift; sourceTree = "<group>"; };
		B5D34F88262558FB00E04E01 /* onboardingViewController.swift */ = {isa = PBXFileReference; lastKnownFileType = sourcecode.swift; name = onboardingViewController.swift; path = Metta/View/onboardingViewController.swift; sourceTree = SOURCE_ROOT; };
/* End PBXFileReference section */

/* Begin PBXFrameworksBuildPhase section */
		8E10F5D0261C8AB500F63D3D /* Frameworks */ = {
			isa = PBXFrameworksBuildPhase;
			buildActionMask = 2147483647;
			files = (
				8EB3A4FA26207A1700D0A6FD /* SwiftyGif in Frameworks */,
			);
			runOnlyForDeploymentPostprocessing = 0;
		};
/* End PBXFrameworksBuildPhase section */

/* Begin PBXGroup section */
		8E10F5CA261C8AB500F63D3D = {
			isa = PBXGroup;
			children = (
				8E3E6E48261C8FFF0079FDB0 /* README.md */,
				8E10F5D5261C8AB500F63D3D /* Metta */,
				8E10F5D4261C8AB500F63D3D /* Products */,
			);
			sourceTree = "<group>";
		};
		8E10F5D4261C8AB500F63D3D /* Products */ = {
			isa = PBXGroup;
			children = (
				8E10F5D3261C8AB500F63D3D /* Metta.app */,
			);
			name = Products;
			sourceTree = "<group>";
		};
		8E10F5D5261C8AB500F63D3D /* Metta */ = {
			isa = PBXGroup;
			children = (
				8E3E6E47261C8F800079FDB0 /* Supporting File */,
				8E3E6E46261C8F6F0079FDB0 /* Model */,
				8E3E6E45261C8F660079FDB0 /* View */,
				8E3E6E44261C8F5A0079FDB0 /* Controller */,
				8E10F5D6261C8AB500F63D3D /* AppDelegate.swift */,
				8E10F5D8261C8AB500F63D3D /* SceneDelegate.swift */,
				8E10F5E7261C8AB500F63D3D /* Info.plist */,
			);
			path = Metta;
			sourceTree = "<group>";
		};
		8E3E6E44261C8F5A0079FDB0 /* Controller */ = {
			isa = PBXGroup;
			children = (
				B5D34F88262558FB00E04E01 /* onboardingViewController.swift */,
				B5C3DC0926220EDF00FA1865 /* ViewController.swift */,
				B5C3DBE52621781000FA1865 /* MeditationCell.swift */,
			);
			path = Controller;
			sourceTree = "<group>";
		};
		8E3E6E45261C8F660079FDB0 /* View */ = {
			isa = PBXGroup;
			children = (
				B5C3DBE92621782A00FA1865 /* Main.storyboard */,
			);
			path = View;
			sourceTree = "<group>";
		};
		8E3E6E46261C8F6F0079FDB0 /* Model */ = {
			isa = PBXGroup;
			children = (
				8E10F5DF261C8AB500F63D3D /* Metta.xcdatamodeld */,
				8EC30D23261EC16B000AE83E /* Meditation.swift */,
				8EC30D26261EC1A2000AE83E /* MeditationData.swift */,
			);
			path = Model;
			sourceTree = "<group>";
		};
		8E3E6E47261C8F800079FDB0 /* Supporting File */ = {
			isa = PBXGroup;
			children = (
				B584D4AF26206C420098BE82 /* sound */,
				B584D4A826206BC60098BE82 /* medi-intro.png */,
				B584D4AE26206C250098BE82 /* animation */,
				8E10F5E2261C8AB500F63D3D /* Assets.xcassets */,
				8E10F5E4261C8AB500F63D3D /* LaunchScreen.storyboard */,
			);
			path = "Supporting File";
			sourceTree = "<group>";
		};
		B584D4AE26206C250098BE82 /* animation */ = {
			isa = PBXGroup;
			children = (
				B584D4A226206BAA0098BE82 /* meditate-animation-0.gif */,
				B584D4A126206BAA0098BE82 /* meditate-animation-1.gif */,
				B584D4A626206BC50098BE82 /* medi-pic-0.gif */,
				B584D4A726206BC50098BE82 /* medi-pic-1.gif */,
			);
			path = animation;
			sourceTree = "<group>";
		};
		B584D4AF26206C420098BE82 /* sound */ = {
			isa = PBXGroup;
			children = (
				B584D4B326206CA30098BE82 /* meditate-sound-0.m4a */,
				B584D4B426206CA40098BE82 /* meditate-sound-1.m4a */,
				B584D4B026206C740098BE82 /* Forest 1m.mp3 */,
			);
			path = sound;
			sourceTree = "<group>";
		};
/* End PBXGroup section */

/* Begin PBXNativeTarget section */
		8E10F5D2261C8AB500F63D3D /* Metta */ = {
			isa = PBXNativeTarget;
			buildConfigurationList = 8E10F5EA261C8AB500F63D3D /* Build configuration list for PBXNativeTarget "Metta" */;
			buildPhases = (
				8E10F5CF261C8AB500F63D3D /* Sources */,
				8E10F5D0261C8AB500F63D3D /* Frameworks */,
				8E10F5D1261C8AB500F63D3D /* Resources */,
			);
			buildRules = (
			);
			dependencies = (
			);
			name = Metta;
			packageProductDependencies = (
				8EB3A4F926207A1700D0A6FD /* SwiftyGif */,
			);
			productName = Metta;
			productReference = 8E10F5D3261C8AB500F63D3D /* Metta.app */;
			productType = "com.apple.product-type.application";
		};
/* End PBXNativeTarget section */

/* Begin PBXProject section */
		8E10F5CB261C8AB500F63D3D /* Project object */ = {
			isa = PBXProject;
			attributes = {
				LastSwiftUpdateCheck = 1240;
				LastUpgradeCheck = 1240;
				TargetAttributes = {
					8E10F5D2261C8AB500F63D3D = {
						CreatedOnToolsVersion = 12.4;
					};
				};
			};
			buildConfigurationList = 8E10F5CE261C8AB500F63D3D /* Build configuration list for PBXProject "Metta" */;
			compatibilityVersion = "Xcode 9.3";
			developmentRegion = en;
			hasScannedForEncodings = 0;
			knownRegions = (
				en,
				Base,
			);
			mainGroup = 8E10F5CA261C8AB500F63D3D;
			packageReferences = (
				8EB3A4F826207A1700D0A6FD /* XCRemoteSwiftPackageReference "SwiftyGif" */,
			);
			productRefGroup = 8E10F5D4261C8AB500F63D3D /* Products */;
			projectDirPath = "";
			projectRoot = "";
			targets = (
				8E10F5D2261C8AB500F63D3D /* Metta */,
			);
		};
/* End PBXProject section */

/* Begin PBXResourcesBuildPhase section */
		8E10F5D1261C8AB500F63D3D /* Resources */ = {
			isa = PBXResourcesBuildPhase;
			buildActionMask = 2147483647;
			files = (
				B584D4A326206BAA0098BE82 /* meditate-animation-1.gif in Resources */,
				B584D4AB26206BC60098BE82 /* medi-intro.png in Resources */,
				B584D4A926206BC60098BE82 /* medi-pic-0.gif in Resources */,
				B5C3DBEA2621782A00FA1865 /* Main.storyboard in Resources */,
				B584D4A426206BAA0098BE82 /* meditate-animation-0.gif in Resources */,
				B584D4B726206CBC0098BE82 /* meditate-sound-1.m4a in Resources */,
				B584D4AA26206BC60098BE82 /* medi-pic-1.gif in Resources */,
				8E10F5E6261C8AB500F63D3D /* LaunchScreen.storyboard in Resources */,
				B584D4B526206CB90098BE82 /* meditate-sound-0.m4a in Resources */,
				8E10F5E3261C8AB500F63D3D /* Assets.xcassets in Resources */,
				B584D4B126206C740098BE82 /* Forest 1m.mp3 in Resources */,
			);
			runOnlyForDeploymentPostprocessing = 0;
		};
/* End PBXResourcesBuildPhase section */

/* Begin PBXSourcesBuildPhase section */
		8E10F5CF261C8AB500F63D3D /* Sources */ = {
			isa = PBXSourcesBuildPhase;
			buildActionMask = 2147483647;
			files = (
				8EC30D24261EC16B000AE83E /* Meditation.swift in Sources */,
				8EC30D27261EC1A2000AE83E /* MeditationData.swift in Sources */,
				8E10F5E1261C8AB500F63D3D /* Metta.xcdatamodeld in Sources */,
				B5C3DBE62621781000FA1865 /* MeditationCell.swift in Sources */,
				B5C3DC0A26220EDF00FA1865 /* ViewController.swift in Sources */,
				B5D34F89262558FB00E04E01 /* onboardingViewController.swift in Sources */,
				8E10F5D7261C8AB500F63D3D /* AppDelegate.swift in Sources */,
				8E10F5D9261C8AB500F63D3D /* SceneDelegate.swift in Sources */,
			);
			runOnlyForDeploymentPostprocessing = 0;
		};
/* End PBXSourcesBuildPhase section */

/* Begin PBXVariantGroup section */
		8E10F5E4261C8AB500F63D3D /* LaunchScreen.storyboard */ = {
			isa = PBXVariantGroup;
			children = (
				8E10F5E5261C8AB500F63D3D /* Base */,
			);
			name = LaunchScreen.storyboard;
			sourceTree = "<group>";
		};
/* End PBXVariantGroup section */

/* Begin XCBuildConfiguration section */
		8E10F5E8261C8AB500F63D3D /* Debug */ = {
			isa = XCBuildConfiguration;
			buildSettings = {
				ALWAYS_SEARCH_USER_PATHS = NO;
				CLANG_ANALYZER_NONNULL = YES;
				CLANG_ANALYZER_NUMBER_OBJECT_CONVERSION = YES_AGGRESSIVE;
				CLANG_CXX_LANGUAGE_STANDARD = "gnu++14";
				CLANG_CXX_LIBRARY = "libc++";
				CLANG_ENABLE_MODULES = YES;
				CLANG_ENABLE_OBJC_ARC = YES;
				CLANG_ENABLE_OBJC_WEAK = YES;
				CLANG_WARN_BLOCK_CAPTURE_AUTORELEASING = YES;
				CLANG_WARN_BOOL_CONVERSION = YES;
				CLANG_WARN_COMMA = YES;
				CLANG_WARN_CONSTANT_CONVERSION = YES;
				CLANG_WARN_DEPRECATED_OBJC_IMPLEMENTATIONS = YES;
				CLANG_WARN_DIRECT_OBJC_ISA_USAGE = YES_ERROR;
				CLANG_WARN_DOCUMENTATION_COMMENTS = YES;
				CLANG_WARN_EMPTY_BODY = YES;
				CLANG_WARN_ENUM_CONVERSION = YES;
				CLANG_WARN_INFINITE_RECURSION = YES;
				CLANG_WARN_INT_CONVERSION = YES;
				CLANG_WARN_NON_LITERAL_NULL_CONVERSION = YES;
				CLANG_WARN_OBJC_IMPLICIT_RETAIN_SELF = YES;
				CLANG_WARN_OBJC_LITERAL_CONVERSION = YES;
				CLANG_WARN_OBJC_ROOT_CLASS = YES_ERROR;
				CLANG_WARN_QUOTED_INCLUDE_IN_FRAMEWORK_HEADER = YES;
				CLANG_WARN_RANGE_LOOP_ANALYSIS = YES;
				CLANG_WARN_STRICT_PROTOTYPES = YES;
				CLANG_WARN_SUSPICIOUS_MOVE = YES;
				CLANG_WARN_UNGUARDED_AVAILABILITY = YES_AGGRESSIVE;
				CLANG_WARN_UNREACHABLE_CODE = YES;
				CLANG_WARN__DUPLICATE_METHOD_MATCH = YES;
				COPY_PHASE_STRIP = NO;
				DEBUG_INFORMATION_FORMAT = dwarf;
				ENABLE_STRICT_OBJC_MSGSEND = YES;
				ENABLE_TESTABILITY = YES;
				GCC_C_LANGUAGE_STANDARD = gnu11;
				GCC_DYNAMIC_NO_PIC = NO;
				GCC_NO_COMMON_BLOCKS = YES;
				GCC_OPTIMIZATION_LEVEL = 0;
				GCC_PREPROCESSOR_DEFINITIONS = (
					"DEBUG=1",
					"$(inherited)",
				);
				GCC_WARN_64_TO_32_BIT_CONVERSION = YES;
				GCC_WARN_ABOUT_RETURN_TYPE = YES_ERROR;
				GCC_WARN_UNDECLARED_SELECTOR = YES;
				GCC_WARN_UNINITIALIZED_AUTOS = YES_AGGRESSIVE;
				GCC_WARN_UNUSED_FUNCTION = YES;
				GCC_WARN_UNUSED_VARIABLE = YES;
				IPHONEOS_DEPLOYMENT_TARGET = 14.4;
				MTL_ENABLE_DEBUG_INFO = INCLUDE_SOURCE;
				MTL_FAST_MATH = YES;
				ONLY_ACTIVE_ARCH = YES;
				SDKROOT = iphoneos;
				SWIFT_ACTIVE_COMPILATION_CONDITIONS = DEBUG;
				SWIFT_OPTIMIZATION_LEVEL = "-Onone";
			};
			name = Debug;
		};
		8E10F5E9261C8AB500F63D3D /* Release */ = {
			isa = XCBuildConfiguration;
			buildSettings = {
				ALWAYS_SEARCH_USER_PATHS = NO;
				CLANG_ANALYZER_NONNULL = YES;
				CLANG_ANALYZER_NUMBER_OBJECT_CONVERSION = YES_AGGRESSIVE;
				CLANG_CXX_LANGUAGE_STANDARD = "gnu++14";
				CLANG_CXX_LIBRARY = "libc++";
				CLANG_ENABLE_MODULES = YES;
				CLANG_ENABLE_OBJC_ARC = YES;
				CLANG_ENABLE_OBJC_WEAK = YES;
				CLANG_WARN_BLOCK_CAPTURE_AUTORELEASING = YES;
				CLANG_WARN_BOOL_CONVERSION = YES;
				CLANG_WARN_COMMA = YES;
				CLANG_WARN_CONSTANT_CONVERSION = YES;
				CLANG_WARN_DEPRECATED_OBJC_IMPLEMENTATIONS = YES;
				CLANG_WARN_DIRECT_OBJC_ISA_USAGE = YES_ERROR;
				CLANG_WARN_DOCUMENTATION_COMMENTS = YES;
				CLANG_WARN_EMPTY_BODY = YES;
				CLANG_WARN_ENUM_CONVERSION = YES;
				CLANG_WARN_INFINITE_RECURSION = YES;
				CLANG_WARN_INT_CONVERSION = YES;
				CLANG_WARN_NON_LITERAL_NULL_CONVERSION = YES;
				CLANG_WARN_OBJC_IMPLICIT_RETAIN_SELF = YES;
				CLANG_WARN_OBJC_LITERAL_CONVERSION = YES;
				CLANG_WARN_OBJC_ROOT_CLASS = YES_ERROR;
				CLANG_WARN_QUOTED_INCLUDE_IN_FRAMEWORK_HEADER = YES;
				CLANG_WARN_RANGE_LOOP_ANALYSIS = YES;
				CLANG_WARN_STRICT_PROTOTYPES = YES;
				CLANG_WARN_SUSPICIOUS_MOVE = YES;
				CLANG_WARN_UNGUARDED_AVAILABILITY = YES_AGGRESSIVE;
				CLANG_WARN_UNREACHABLE_CODE = YES;
				CLANG_WARN__DUPLICATE_METHOD_MATCH = YES;
				COPY_PHASE_STRIP = NO;
				DEBUG_INFORMATION_FORMAT = "dwarf-with-dsym";
				ENABLE_NS_ASSERTIONS = NO;
				ENABLE_STRICT_OBJC_MSGSEND = YES;
				GCC_C_LANGUAGE_STANDARD = gnu11;
				GCC_NO_COMMON_BLOCKS = YES;
				GCC_WARN_64_TO_32_BIT_CONVERSION = YES;
				GCC_WARN_ABOUT_RETURN_TYPE = YES_ERROR;
				GCC_WARN_UNDECLARED_SELECTOR = YES;
				GCC_WARN_UNINITIALIZED_AUTOS = YES_AGGRESSIVE;
				GCC_WARN_UNUSED_FUNCTION = YES;
				GCC_WARN_UNUSED_VARIABLE = YES;
				IPHONEOS_DEPLOYMENT_TARGET = 14.4;
				MTL_ENABLE_DEBUG_INFO = NO;
				MTL_FAST_MATH = YES;
				SDKROOT = iphoneos;
				SWIFT_COMPILATION_MODE = wholemodule;
				SWIFT_OPTIMIZATION_LEVEL = "-O";
				VALIDATE_PRODUCT = YES;
			};
			name = Release;
		};
		8E10F5EB261C8AB500F63D3D /* Debug */ = {
			isa = XCBuildConfiguration;
			buildSettings = {
				ASSETCATALOG_COMPILER_APPICON_NAME = AppIcon;
				ASSETCATALOG_COMPILER_GLOBAL_ACCENT_COLOR_NAME = AccentColor;
				CODE_SIGN_STYLE = Automatic;
				INFOPLIST_FILE = Metta/Info.plist;
				LD_RUNPATH_SEARCH_PATHS = (
					"$(inherited)",
					"@executable_path/Frameworks",
				);
				PRODUCT_BUNDLE_IDENTIFIER = com.infinity.Metta;
				PRODUCT_NAME = "$(TARGET_NAME)";
				SWIFT_VERSION = 5.0;
				TARGETED_DEVICE_FAMILY = "1,2";
			};
			name = Debug;
		};
		8E10F5EC261C8AB500F63D3D /* Release */ = {
			isa = XCBuildConfiguration;
			buildSettings = {
				ASSETCATALOG_COMPILER_APPICON_NAME = AppIcon;
				ASSETCATALOG_COMPILER_GLOBAL_ACCENT_COLOR_NAME = AccentColor;
				CODE_SIGN_STYLE = Automatic;
				INFOPLIST_FILE = Metta/Info.plist;
				LD_RUNPATH_SEARCH_PATHS = (
					"$(inherited)",
					"@executable_path/Frameworks",
				);
				PRODUCT_BUNDLE_IDENTIFIER = com.infinity.Metta;
				PRODUCT_NAME = "$(TARGET_NAME)";
				SWIFT_VERSION = 5.0;
				TARGETED_DEVICE_FAMILY = "1,2";
			};
			name = Release;
		};
/* End XCBuildConfiguration section */

/* Begin XCConfigurationList section */
		8E10F5CE261C8AB500F63D3D /* Build configuration list for PBXProject "Metta" */ = {
			isa = XCConfigurationList;
			buildConfigurations = (
				8E10F5E8261C8AB500F63D3D /* Debug */,
				8E10F5E9261C8AB500F63D3D /* Release */,
			);
			defaultConfigurationIsVisible = 0;
			defaultConfigurationName = Release;
		};
		8E10F5EA261C8AB500F63D3D /* Build configuration list for PBXNativeTarget "Metta" */ = {
			isa = XCConfigurationList;
			buildConfigurations = (
				8E10F5EB261C8AB500F63D3D /* Debug */,
				8E10F5EC261C8AB500F63D3D /* Release */,
			);
			defaultConfigurationIsVisible = 0;
			defaultConfigurationName = Release;
		};
/* End XCConfigurationList section */

/* Begin XCRemoteSwiftPackageReference section */
		8EB3A4F826207A1700D0A6FD /* XCRemoteSwiftPackageReference "SwiftyGif" */ = {
			isa = XCRemoteSwiftPackageReference;
			repositoryURL = "https://github.com/kirualex/SwiftyGif.git";
			requirement = {
				kind = upToNextMajorVersion;
				minimumVersion = 5.4.0;
			};
		};
/* End XCRemoteSwiftPackageReference section */

/* Begin XCSwiftPackageProductDependency section */
		8EB3A4F926207A1700D0A6FD /* SwiftyGif */ = {
			isa = XCSwiftPackageProductDependency;
			package = 8EB3A4F826207A1700D0A6FD /* XCRemoteSwiftPackageReference "SwiftyGif" */;
			productName = SwiftyGif;
		};
/* End XCSwiftPackageProductDependency section */

/* Begin XCVersionGroup section */
		8E10F5DF261C8AB500F63D3D /* Metta.xcdatamodeld */ = {
			isa = XCVersionGroup;
			children = (
				8E10F5E0261C8AB500F63D3D /* Metta.xcdatamodel */,
			);
			currentVersion = 8E10F5E0261C8AB500F63D3D /* Metta.xcdatamodel */;
			path = Metta.xcdatamodeld;
			sourceTree = "<group>";
			versionGroupType = wrapper.xcdatamodel;
		};
/* End XCVersionGroup section */
	};
	rootObject = 8E10F5CB261C8AB500F63D3D /* Project object */;
}
